
Microsoft Visual Studio Solution File, Format Version 12.00
# Visual Studio 15
VisualStudioVersion = 15.0.27428.2015
MinimumVisualStudioVersion = 10.0.40219.1
Project("{FAE04EC0-301F-11D3-BF4B-00C04F79EFBC}") = "FoodDeliverySystem", "FoodDeliverySystem\FoodDeliverySystem.csproj", "{624F9351-55CD-4EE2-8486-CA35CC5FE276}"
EndProject
Global
	GlobalSection(SolutionConfigurationPlatforms) = preSolution
		Debug|Any CPU = Debug|Any CPU
		Release|Any CPU = Release|Any CPU
	EndGlobalSection
	GlobalSection(ProjectConfigurationPlatforms) = postSolution
		{624F9351-55CD-4EE2-8486-CA35CC5FE276}.Debug|Any CPU.ActiveCfg = Debug|Any CPU
		{624F9351-55CD-4EE2-8486-CA35CC5FE276}.Debug|Any CPU.Build.0 = Debug|Any CPU
		{624F9351-55CD-4EE2-8486-CA35CC5FE276}.Release|Any CPU.ActiveCfg = Release|Any CPU
		{624F9351-55CD-4EE2-8486-CA35CC5FE276}.Release|Any CPU.Build.0 = Release|Any CPU
	EndGlobalSection
	GlobalSection(SolutionProperties) = preSolution
		HideSolutionNode = FALSE
	EndGlobalSection
	GlobalSection(ExtensibilityGlobals) = postSolution
		SolutionGuid = {F1E4BC98-C245-4116-BE27-1A566F21E458}
	EndGlobalSection
EndGlobal
